
Microsoft Visual Studio Solution File, Format Version 12.00
Project("{FAE04EC0-301F-11D3-BF4B-00C04F79EFBC}") = "Njsast", "Njsast\Njsast.csproj", "{9779DB6A-7F41-4603-8B53-2664C49CA7B5}"
EndProject
Project("{FAE04EC0-301F-11D3-BF4B-00C04F79EFBC}") = "Test", "Test\Test.csproj", "{6A3BA1B7-8A2A-4EA9-876F-96B6FD28BA6B}"
EndProject
Global
	GlobalSection(SolutionConfigurationPlatforms) = preSolution
		Debug|Any CPU = Debug|Any CPU
		Release|Any CPU = Release|Any CPU
	EndGlobalSection
	GlobalSection(ProjectConfigurationPlatforms) = postSolution
		{9779DB6A-7F41-4603-8B53-2664C49CA7B5}.Debug|Any CPU.ActiveCfg = Debug|Any CPU
		{9779DB6A-7F41-4603-8B53-2664C49CA7B5}.Debug|Any CPU.Build.0 = Debug|Any CPU
		{9779DB6A-7F41-4603-8B53-2664C49CA7B5}.Release|Any CPU.ActiveCfg = Release|Any CPU
		{9779DB6A-7F41-4603-8B53-2664C49CA7B5}.Release|Any CPU.Build.0 = Release|Any CPU
		{6A3BA1B7-8A2A-4EA9-876F-96B6FD28BA6B}.Debug|Any CPU.ActiveCfg = Debug|Any CPU
		{6A3BA1B7-8A2A-4EA9-876F-96B6FD28BA6B}.Debug|Any CPU.Build.0 = Debug|Any CPU
		{6A3BA1B7-8A2A-4EA9-876F-96B6FD28BA6B}.Release|Any CPU.ActiveCfg = Release|Any CPU
		{6A3BA1B7-8A2A-4EA9-876F-96B6FD28BA6B}.Release|Any CPU.Build.0 = Release|Any CPU
	EndGlobalSection
EndGlobal
