# THIS IS AN AUTOGENERATED FILE. DO NOT EDIT THIS FILE DIRECTLY.
# yarn lockfile v1


bobril-build@^2.2.0:
  version "2.2.0"
  resolved "https://registry.yarnpkg.com/bobril-build/-/bobril-build-2.2.0.tgz#44311dffe86692338a60ce6dcf51921e46512e0a"
  integrity sha512-UEolcHIj1ArMxXeeKtU2l+2Liuf5MveQQC66n4wSpJv2psXJpSdStP1fAB3rCUVCmp//CR/gY/0q3S66gl2vbg==
  dependencies:
    yauzl "^2.9.1"

bobril-m-icons@*:
  version "2.1.0"
  resolved "https://registry.yarnpkg.com/bobril-m-icons/-/bobril-m-icons-2.1.0.tgz#32f81d515a7faf71f857a2ed1b637ec566f4161f"
  integrity sha1-MvgdUVp/r3H4V6LtG2N+xWb0Fh8=
  dependencies:
    bobril "*"

bobril-m@^0.15.0:
  version "0.15.0"
  resolved "https://registry.yarnpkg.com/bobril-m/-/bobril-m-0.15.0.tgz#14b03ed1b27c35d92b08cc4fccc86fb27d2017fa"
  integrity sha512-lOpk9/vrzvrnVk7AxD66qdDbg/wtF6Wy++FEMuyPF0sLdDQzNT1xppvqWTv8KwOTIqyjxLcevgxom97hBRTdsw==
  dependencies:
    bobril "*"
    bobril-m-icons "*"
    webfontloader "^1.6.21"

bobril@*, bobril@^12.0.0:
  version "12.0.0"
  resolved "https://registry.yarnpkg.com/bobril/-/bobril-12.0.0.tgz#5d81b00b54c7d20ac3a5b45a124fc1ed5be5bb76"
  integrity sha512-ONuQa6casgOxzcneH1bXQBemHt3i4wrM0EOIRkDEmMQULdu1IaC506Te+LxuidvYx3bmgdDquoDxZR0mIAudbw==

buffer-crc32@~0.2.3:
  version "0.2.13"
  resolved "https://registry.yarnpkg.com/buffer-crc32/-/buffer-crc32-0.2.13.tgz#0d333e3f00eac50aa1454abd30ef8c2a5d9a7242"
  integrity sha1-DTM+PwDqxQqhRUq9MO+MKl2ackI=

fd-slicer@~1.1.0:
  version "1.1.0"
  resolved "https://registry.yarnpkg.com/fd-slicer/-/fd-slicer-1.1.0.tgz#25c7c89cb1f9077f8891bbe61d8f390eae256f1e"
  integrity sha1-JcfInLH5B3+IkbvmHY85Dq4lbx4=
  dependencies:
    pend "~1.2.0"

pend@~1.2.0:
  version "1.2.0"
  resolved "https://registry.yarnpkg.com/pend/-/pend-1.2.0.tgz#7a57eb550a6783f9115331fcf4663d5c8e007a50"
  integrity sha1-elfrVQpng/kRUzH89GY9XI4AelA=

webfontloader@^1.6.21:
  version "1.6.28"
  resolved "https://registry.yarnpkg.com/webfontloader/-/webfontloader-1.6.28.tgz#db786129253cb6e8eae54c2fb05f870af6675bae"
  integrity sha1-23hhKSU8tujq5UwvsF+HCvZnW64=

yauzl@^2.9.1:
  version "2.10.0"
  resolved "https://registry.yarnpkg.com/yauzl/-/yauzl-2.10.0.tgz#c7eb17c93e112cb1086fa6d8e51fb0667b79a5f9"
  integrity sha1-x+sXyT4RLLEIb6bY5R+wZnt5pfk=
  dependencies:
    buffer-crc32 "~0.2.3"
    fd-slicer "~1.1.0"
